# This file is generated by running "yarn install" inside your project.
# Manual changes might be lost - proceed with caution!

__metadata:
  version: 4

"@sindresorhus/is@npm:^0.14.0":
  version: 0.14.0
  resolution: "@sindresorhus/is@npm:0.14.0"
  checksum: 2/da26389d6e23f64726224ffda6f6a04bab88e15b9c4eb8f9e5fdafc3baaaa071c85c47816723b7e61e14bf2f4dcff25d6bc1629032c2916ffb8b3fe759ad7b1f
  languageName: node
  linkType: hard

"@szmarczak/http-timer@npm:^1.1.2":
  version: 1.1.2
  resolution: "@szmarczak/http-timer@npm:1.1.2"
  dependencies:
    defer-to-connect: ^1.0.1
  checksum: 2/a46ec854231194dd1ab924a5ea0d8f0afa2b7133754a3def099cc5749e34802d8668a7d7ee3583327048354b9dc621113843d8546387e06ff57e6763cbb558d9
  languageName: node
  linkType: hard

"@testy/assertion@npm:^0.1.1":
  version: 0.1.1
  resolution: "@testy/assertion@npm:0.1.1"
  checksum: 2/e06241a58853ee3af992e59b8ae2a9942cf7079ddae77440b539be2b7da2da7f95b4543f3d289af72ed51d4060822afaba7ff99c6253ecd3691b71b0dd6e0c59
  languageName: node
  linkType: hard

"@types/got@npm:^9.6.9":
  version: 9.6.9
  resolution: "@types/got@npm:9.6.9"
  dependencies:
    "@types/node": "*"
    "@types/tough-cookie": "*"
    form-data: ^2.5.0
  checksum: 2/65af8969b0f4694b7a1a633eaff1d1b5fec56ae540a2a5375c38ecec52bc0f65079b47c0e550a4b96d1503fee01a78d3e130c83412cd349a94f72901c38a06c6
  languageName: node
  linkType: hard

"@types/node@npm:*, @types/node@npm:^12.11.7":
  version: 12.12.8
  resolution: "@types/node@npm:12.12.8"
  checksum: 2/35e7c3784f68f38c4e97d4b184dd999dd1fce7c77d086a4378ecf3eb9e927eb2517dac88e357f7dc88489bd7df994bd05bd63cd3622e06804a0fcf8d293421a1
  languageName: node
  linkType: hard

"@types/tough-cookie@npm:*":
  version: 2.3.5
  resolution: "@types/tough-cookie@npm:2.3.5"
  checksum: 2/449b4b8c3944857251d64c0e6ca5eb960155761e7d71f873167adeb8eb4df996a918d55a592c653613b9f8f356d1e601af4ae06e6e991c72397f4d7123797fb2
  languageName: node
  linkType: hard

"@types/typescript@npm:^2.0.0":
  version: 2.0.0
  resolution: "@types/typescript@npm:2.0.0"
  dependencies:
    typescript: "*"
  checksum: 2/9400376e640aa2903537e7a18ca2eefc5d19e46611d9e67ee0268715d147de0eac94250341acaafe48d424ae99319c52381e42383da889e04003a2cc2d8cf39f
  languageName: node
  linkType: hard

"@types/ws@npm:^7.2.0":
  version: 7.2.0
  resolution: "@types/ws@npm:7.2.0"
  dependencies:
    "@types/node": "*"
  checksum: 2/b92d53888e9d2ea486ef934f9b272b85aafca887f20dbd7c8b102728432a0ab2a0c8da7c44e6a058f8fe11427acacf69d548a396d4cc15bb2b231ead3046e7d4
  languageName: node
  linkType: hard

"@yarnpkg/fslib@npm:2.0.0-rc.8":
  version: 2.0.0-rc.8
  resolution: "@yarnpkg/fslib@npm:2.0.0-rc.8"
  dependencies:
    "@yarnpkg/libzip": 2.0.0-rc.3
    tmp: ^0.0.33
  checksum: 2/35262e3c68246fa508be54f5a8fd278111b0f3686efde4aa0f27efbd853b7b4cf51d25189407358adf8416b0043685c62893fde0f887d0079ebd908ef67e3377
  languageName: node
  linkType: hard

"@yarnpkg/libzip@npm:2.0.0-rc.3":
  version: 2.0.0-rc.3
  resolution: "@yarnpkg/libzip@npm:2.0.0-rc.3"
  checksum: 2/a27e759c282337bda1918b8ecda92cd76c176ae5ee986d5c7759220a9a0f4e7aeac42577bacd5d1dbc2a6e6dbbf0fd158f7710cee638403d60952f240c7624d3
  languageName: node
  linkType: hard

"@yarnpkg/pnpify@npm:^2.0.0-rc.9":
  version: 2.0.0-rc.9
  resolution: "@yarnpkg/pnpify@npm:2.0.0-rc.9"
  dependencies:
    "@yarnpkg/fslib": 2.0.0-rc.8
    comment-json: ^2.2.0
    cross-spawn: ^6.0.5
  peerDependencies:
    eslint: "*"
    typescript: "*"
  peerDependenciesMeta:
    eslint:
      optional: true
    typescript:
      optional: true
  bin:
    pnpify: ./lib/cli.js
  checksum: 2/59a2605dfa0cc90e4e75aba8cd8dbe8e2c5fab76d1a34bdaace0988dad06435e6fee9b631523c9b52415ead075d7601ed60d8c35eb766d1c0c168b21a67f69e0
  languageName: node
  linkType: hard

"arrify@npm:^1.0.0":
  version: 1.0.1
  resolution: "arrify@npm:1.0.1"
  checksum: 2/f1d3bae819f49f51a09da5f5c5ce282e79ca69bbdb32db1d9f6c62b151ef801b74398d007cfe89686e2c5aeb62576a398b9068e5172b7f4e20157aa3284076d3
  languageName: node
  linkType: hard

"asynckit@npm:^0.4.0":
  version: 0.4.0
  resolution: "asynckit@npm:0.4.0"
  checksum: 2/a024000b9ddd938e2f27b3cb8188f96a5e1fff58185e98b84862fc4e01de279a547874a800340c2b106bb9de9b0fc61c6c683bc6892abf65e6be29a96addafd3
  languageName: node
  linkType: hard

"balanced-match@npm:^1.0.0":
  version: 1.0.0
  resolution: "balanced-match@npm:1.0.0"
  checksum: 2/f515a605fe1b59f476f7477c5e1d53ad55b4f42982fca1d57b6701906f4ad1f1ac90fd6587d92cc1af2edb43eecf979214dd847ee410a6de9db4ebf0dd128d62
  languageName: node
  linkType: hard

"brace-expansion@npm:^1.1.7":
  version: 1.1.11
  resolution: "brace-expansion@npm:1.1.11"
  dependencies:
    balanced-match: ^1.0.0
    concat-map: 0.0.1
  checksum: 2/4c878e25e4858baf801945dfd63eb68feab2e502cf1122f25f3915c0e3bf397af3a93ff6bef0798db41c0d81ef28c08e55daac38058710f749a3b96eee6b8f40
  languageName: node
  linkType: hard

"buffer-from@npm:^1.0.0, buffer-from@npm:^1.1.0":
  version: 1.1.1
  resolution: "buffer-from@npm:1.1.1"
  checksum: 2/540ceb79c4f5bfcadaabbc18324fa84c50dc52905084be7c03596a339cf5a88513bee6831ce9b36ddd046fab09257a7c80686e129d0559a0cfd141da196ad956
  languageName: node
  linkType: hard

"cacheable-request@npm:^6.0.0":
  version: 6.1.0
  resolution: "cacheable-request@npm:6.1.0"
  dependencies:
    clone-response: ^1.0.2
    get-stream: ^5.1.0
    http-cache-semantics: ^4.0.0
    keyv: ^3.0.0
    lowercase-keys: ^2.0.0
    normalize-url: ^4.1.0
    responselike: ^1.0.2
  checksum: 2/8b43f661371084ee67309c6bac93313360f55d5dfb1b622d32750c95a5f9c470a83d5798a042a67badcc0674ce0ca586a72f41e450275e78d87da1b705b91efb
  languageName: node
  linkType: hard

"clone-response@npm:^1.0.2":
  version: 1.0.2
  resolution: "clone-response@npm:1.0.2"
  dependencies:
    mimic-response: ^1.0.0
  checksum: 2/71832f9219f2682b0915bdbc0dd187ba8e63d16b0af5342b44f97b34afe9400a1f528a253dd2f70a8dd8b23bfa4c4e106928fcc520fa5899d769af95e4cce53c
  languageName: node
  linkType: hard

"combined-stream@npm:^1.0.6":
  version: 1.0.8
  resolution: "combined-stream@npm:1.0.8"
  dependencies:
    delayed-stream: ~1.0.0
  checksum: 2/5791ce7944530f0db74a97e77ea28b6fdbf89afcf038e41d6b4195019c4c803cd19ed2905a54959e5b3830d50bd5d6f93c681c6d3aaea8614ad43b48e62e9d65
  languageName: node
  linkType: hard

"commander@npm:^4.0.0-1":
  version: 4.0.1
  resolution: "commander@npm:4.0.1"
  checksum: 2/86a2ebdbc2ae6094cc26427ca936b8c2ad563899bd457bb2d8af06f76e6e60d079a0a14a9be5bd1d9113969fe32afb342e491fc2a0978ff02f0a854932e1e4fd
  languageName: node
  linkType: hard

"comment-json@npm:^2.2.0":
  version: 2.2.0
  resolution: "comment-json@npm:2.2.0"
  dependencies:
    core-util-is: ^1.0.2
    esprima: ^4.0.1
    has-own-prop: ^2.0.0
    repeat-string: ^1.6.1
  checksum: 2/7a925ab8de7b421d6ccdedc5734b4812551abb5ad847de4728594177e0fde3553b76baa0ad35d9e855f3572ec41aeebb75c5064f4a7b8e67567e40eb4e628359
  languageName: node
  linkType: hard

"concat-map@npm:0.0.1":
  version: 0.0.1
  resolution: "concat-map@npm:0.0.1"
  checksum: 2/554e28d9ee5aa6e061795473ee092cb3d3a2cbdb76c35416e0bb6e03f136d7d07676da387b2ed0ec4106cedbb6534080d9abc48ecc4a92b76406cf2d0c3c0c4b
  languageName: node
  linkType: hard

"core-util-is@npm:^1.0.2":
  version: 1.0.2
  resolution: "core-util-is@npm:1.0.2"
  checksum: 2/089015ee3c462dfceba70faa1df83b42a7bb35db26dae6af283247b06fe3216c65fccd9f00eebcaf98300dc31e981d56aae9f90b624f8f6ff1153e235ff88b65
  languageName: node
  linkType: hard

"cross-spawn@npm:^6.0.5":
  version: 6.0.5
  resolution: "cross-spawn@npm:6.0.5"
  dependencies:
    nice-try: ^1.0.4
    path-key: ^2.0.1
    semver: ^5.5.0
    shebang-command: ^1.2.0
    which: ^1.2.9
  checksum: 2/05fbbf957d9b81dc05fd799a238f6aacc2e7cc9783fff3f0e00439a97d6f269c90482571cbf1eeea17200fd119161a2d1f88aa49a8110b176e04f2a70825284f
  languageName: node
  linkType: hard

"decompress-response@npm:^3.3.0":
  version: 3.3.0
  resolution: "decompress-response@npm:3.3.0"
  dependencies:
    mimic-response: ^1.0.0
  checksum: 2/93b0dcc8f0c32f1d5eb656e7db54fa5554227b8bfefd242c9d28f7b9c3908052c2ab8297b4af6256759da496679ee3a806d559f22d29b7e71a25879a2c25b99b
  languageName: node
  linkType: hard

"defer-to-connect@npm:^1.0.1":
  version: 1.1.0
  resolution: "defer-to-connect@npm:1.1.0"
  checksum: 2/44e21e0894b93982dd6df92b0db53b4196e958dae03ae16443a2ef26df46ac1379d5825f377ffbe271d79497ac7a94b71610cbfb1caa61a771bc8fc326640a20
  languageName: node
  linkType: hard

"delayed-stream@npm:~1.0.0":
  version: 1.0.0
  resolution: "delayed-stream@npm:1.0.0"
  checksum: 2/d9dfb0a7c79fd308fada9db2cf29d1ff22047ceb50dd78f7e3c173567909b438f418259cb76a6d9c9f513e88ef41d3a14154f618741ec8368c3efeff616d0c9f
  languageName: node
  linkType: hard

"diff@npm:^3.1.0":
  version: 3.5.0
  resolution: "diff@npm:3.5.0"
  checksum: 2/b975b73d7e8fa867cc9e68c293c664e14f11391203603e3f4518689c19fe8e391b4d9e4df3df5b3e51adc6cd81bcb414c80c1666e2f6cf66067f60177eec01d1
  languageName: node
  linkType: hard

"duplexer3@npm:^0.1.4":
  version: 0.1.4
  resolution: "duplexer3@npm:0.1.4"
  checksum: 2/2a4ae463aafdb6e3541e556785d971e83e8d2b534b4cfcb114b01ebc6af6dde5a07454835c7207c8eeb5472927db1bac1b507044413164e991906c5da807938b
  languageName: node
  linkType: hard

"end-of-stream@npm:^1.1.0":
  version: 1.4.4
  resolution: "end-of-stream@npm:1.4.4"
  dependencies:
    once: ^1.4.0
  checksum: 2/7da60e458bdb5e16c006a45e85ef3bc1e3791db5ba275b0913258ccddc8899acb9252c4ddbcce87bd1b46e2a3f97315aafb9f0c0330e8aac44defb504a9d3ccd
  languageName: node
  linkType: hard

"esprima@npm:^4.0.1":
  version: 4.0.1
  resolution: "esprima@npm:4.0.1"
  bin:
    esparse: ./bin/esparse.js
    esvalidate: ./bin/esvalidate.js
  checksum: 2/5df45a3d9c95c36800d028ba76d8d4e04e199932b58c2939f462f859fd583e7d39b4a12d3f97986cf272a28a5fe5948ee6e49e36ef63f67b5b48d82a635c5081
  languageName: node
  linkType: hard

"form-data@npm:^2.5.0":
  version: 2.5.1
  resolution: "form-data@npm:2.5.1"
  dependencies:
    asynckit: ^0.4.0
    combined-stream: ^1.0.6
    mime-types: ^2.1.12
  checksum: 2/c46ee9a14a8678b6e0dfafabc96e25237d9f11ced9c51cd371a2b3448f6a3f2fa684b3bbbb35911bae8f5448b3f3c48c73f7f2be791a4ae5aee0eb0ab3cdfec2
  languageName: node
  linkType: hard

"fs.realpath@npm:^1.0.0":
  version: 1.0.0
  resolution: "fs.realpath@npm:1.0.0"
  checksum: 2/698a91b1695e3926185c9e5b0dd57cf687dceb4eb73799af91e6b2ab741735e2962c366c5af6403ffddae2619914193bd339efa706fdc984d0ffc74b7a3603f4
  languageName: node
  linkType: hard

"get-stream@npm:^4.1.0":
  version: 4.1.0
  resolution: "get-stream@npm:4.1.0"
  dependencies:
    pump: ^3.0.0
  checksum: 2/f41bb3c74de09d1dbe1e9d0b6d12520875d99b7ecd32c71ee21eea26d32ca74110e2406922ca64ed8cd6f10076c5f59e4fd128f10cc292eae3b669379e5f18ed
  languageName: node
  linkType: hard

"get-stream@npm:^5.1.0":
  version: 5.1.0
  resolution: "get-stream@npm:5.1.0"
  dependencies:
    pump: ^3.0.0
  checksum: 2/599dad0b6b9e41602c5a383d218e929209774e66bd3345d5ba6b87e305a16e5d4263936cab974804a30cfeebb1d9e6082f0dba4a463fcce0ba75b922b7c9d861
  languageName: node
  linkType: hard

"glob@npm:^7.1.3":
  version: 7.1.6
  resolution: "glob@npm:7.1.6"
  dependencies:
    fs.realpath: ^1.0.0
    inflight: ^1.0.4
    inherits: 2
    minimatch: ^3.0.4
    once: ^1.3.0
    path-is-absolute: ^1.0.0
  checksum: 2/789977b52432865bd63846da5c75a6efc2c56abdc0cb5ffcdb8e91eeb67a58fa5594c1195d18b2b4aff99675b0739ed6bd61024b26562e0cca18c8f993efdc82
  languageName: node
  linkType: hard

"got@npm:^9.6.0":
  version: 9.6.0
  resolution: "got@npm:9.6.0"
  dependencies:
    "@sindresorhus/is": ^0.14.0
    "@szmarczak/http-timer": ^1.1.2
    cacheable-request: ^6.0.0
    decompress-response: ^3.3.0
    duplexer3: ^0.1.4
    get-stream: ^4.1.0
    lowercase-keys: ^1.0.1
    mimic-response: ^1.0.1
    p-cancelable: ^1.0.0
    to-readable-stream: ^1.0.0
    url-parse-lax: ^3.0.0
  checksum: 2/4cfb862eb7e2d023f486efbd9ad5ab199ea44f957dc72be9518bf54d832ad4281ef3b63eac4d861b189690c3b7674eef3e1cb4f41285a83fa43293431ab879bd
  languageName: node
  linkType: hard

"has-own-prop@npm:^2.0.0":
  version: 2.0.0
  resolution: "has-own-prop@npm:2.0.0"
  checksum: 2/8513ff905297afb7b65f4e22012a2c8e20ab006067841015bf338cfd23019b6c7cec89b5192b4cb7eaaa2a5370d2474dc9a0bcfdfd71100c45b8d3be9882f45b
  languageName: node
  linkType: hard

"http-cache-semantics@npm:^4.0.0":
  version: 4.0.3
  resolution: "http-cache-semantics@npm:4.0.3"
  checksum: 2/d82dfeb79c6c66e3f50fd37015d15e55eef5856a9e25e859085fb98ecf1e18325ccbcbd33e0e7911528cff462af1a586f1303a11dea53a22ce5b26d5e8abc12a
  languageName: node
  linkType: hard

"inflight@npm:^1.0.4":
  version: 1.0.6
  resolution: "inflight@npm:1.0.6"
  dependencies:
    once: ^1.3.0
    wrappy: 1
  checksum: 2/17c53fc42cbe7f7f471d2bc41b97a0cde4b79a74d5ff59997d3f75210566fa278e17596da526d43de2bd07e222706240ce50e60097e54f2cde2e64cbbb372638
  languageName: node
  linkType: hard

"inherits@npm:2":
  version: 2.0.4
  resolution: "inherits@npm:2.0.4"
  checksum: 2/98426da247ddfc3dcd7d7daedd90c3ca32d5b08deca08949726f12d49232aef94772a07b36cf4ff833e105ae2ef931777f6de4a6dd8245a216b9299ad4a50bea
  languageName: node
  linkType: hard

"isexe@npm:^2.0.0":
  version: 2.0.0
  resolution: "isexe@npm:2.0.0"
  checksum: 2/7b437980bb77881a146fba85cfbdf01edc2b148673e9c2722a1e49661fea73adf524430a80fdbfb8ce9f60d43224e682c657c45030482bd39e0c488fc29b4afe
  languageName: node
  linkType: hard

"isomorphic-ws@npm:^4.0.1":
  version: 4.0.1
  resolution: "isomorphic-ws@npm:4.0.1"
  peerDependencies:
    ws: "*"
  checksum: 2/9012eec8ea4070a5e1cde4d937cc51e0d3136e53029b4d9c53d551b777ec3f99e9b8d31884c50dcefe0c6d50dd3562d9470c2249c6ff72ebb00b27092adec537
  languageName: node
  linkType: hard

"json-buffer@npm:3.0.0":
  version: 3.0.0
  resolution: "json-buffer@npm:3.0.0"
  checksum: 2/09b53ecc8ffbb1252d9ef07f37ad616eb0769325d749c87555df786dc70e9855d4ad208255bbf232c86069504756277a7efb6725a31f6e6c4ef39a7b072e75f2
  languageName: node
  linkType: hard

"keyv@npm:^3.0.0":
  version: 3.1.0
  resolution: "keyv@npm:3.1.0"
  dependencies:
    json-buffer: 3.0.0
  checksum: 2/6bf032ee504f27e00ae3a366c7e0ca5d93b8f947672871568f2a1456bf56d1bc4e55555158a45188d14483c4c38d0fa1dc7f0585b0d6c640f8e79abc9b4d3162
  languageName: node
  linkType: hard

"lowercase-keys@npm:^1.0.0, lowercase-keys@npm:^1.0.1":
  version: 1.0.1
  resolution: "lowercase-keys@npm:1.0.1"
  checksum: 2/ac9d79c47dd9f831cebb2cbe930e72f7c03b27ab07c5bb9072ee0b4a853ce26d6648403b9eb371b3d400af3790da9ce65cf7207af887f8c134d53dce81559107
  languageName: node
  linkType: hard

"lowercase-keys@npm:^2.0.0":
  version: 2.0.0
  resolution: "lowercase-keys@npm:2.0.0"
  checksum: 2/4da67f41865a25360bb05749a66a83c60987c7efa0b8ec443941a19978c21ba916ae9fedca25b96fc652026c4264a437d3fec099d1949716b5483eec42395ec9
  languageName: node
  linkType: hard

"make-error@npm:^1.1.1":
  version: 1.3.5
  resolution: "make-error@npm:1.3.5"
  checksum: 2/530d7ccced6bf36a74e86d72873fd7f7b0bf31175c075de6bf711aa13944dd1350e59df22761e7b5a651897d21ac9caa5908f786f477427553b05fd083c5bd57
  languageName: node
  linkType: hard

"mime-db@npm:1.42.0":
  version: 1.42.0
  resolution: "mime-db@npm:1.42.0"
  checksum: 2/0b750000b0553709fc16547a9142a17807ef93afa2cf57df30159f693b3e69d07ef7039b9eed92cf69fdcceb9264a65e543b5fff8fbe1cff65ed89ec6ffbb781
  languageName: node
  linkType: hard

"mime-types@npm:^2.1.12":
  version: 2.1.25
  resolution: "mime-types@npm:2.1.25"
  dependencies:
    mime-db: 1.42.0
  checksum: 2/71c67c10d08426e59adf2b4c941b15aad44abd315e488a730d9e286d7a6ee2436a587fc6ada99e48d1fe95da6142b148eda8d82f41f7e49d99639d03a2acfba1
  languageName: node
  linkType: hard

"mimic-response@npm:^1.0.0, mimic-response@npm:^1.0.1":
  version: 1.0.1
  resolution: "mimic-response@npm:1.0.1"
  checksum: 2/64b43c717ed8710bc920576e96d38d0e504e9eec3114af8e00c9e3d7ae53cd459ee38febb0badc83e3a4e6d21cd571db43e9011f8cf014809989c87a1a9f0ea4
  languageName: node
  linkType: hard

"minimatch@npm:^3.0.4":
  version: 3.0.4
  resolution: "minimatch@npm:3.0.4"
  dependencies:
    brace-expansion: ^1.1.7
  checksum: 2/47eab9263962cacd5733e274ecad2d8e54b0f8e124ba35ae69189e296058f634a4967b87a98954f86fa5c830ff177caf827ce0136d28717ed3232951fb4fae62
  languageName: node
  linkType: hard

"minimist@npm:0.0.8":
  version: 0.0.8
  resolution: "minimist@npm:0.0.8"
  checksum: 2/d71c4684bce92f9c0500e103498adb5e45bbda551763132a703306c2dab6f3a1f69eb6448c3ff3ea73fb562285dfd6ee3a354d5c0e5dd52e3d5f3037c82c0935
  languageName: node
  linkType: hard

"minimist@npm:^1.2.0":
  version: 1.2.0
  resolution: "minimist@npm:1.2.0"
  checksum: 2/80a1a219c0243e870be65b9605e2711eb5ce08639ae4ea8d8bbf8997d4eafe8a6b2af856c3e19c33f51faf40025f23c7668c7b916bca6f72e1bc2cf9189526ff
  languageName: node
  linkType: hard

"mkdirp@npm:^0.5.1":
  version: 0.5.1
  resolution: "mkdirp@npm:0.5.1"
  dependencies:
    minimist: 0.0.8
  bin:
    mkdirp: bin/cmd.js
  checksum: 2/8ef65f4f0c7642b2f6e7af417eb9f3f24e8d1e4d612eddc5b1ee3b0ef974ccfaafb38bba6cc9178510c5aae82a6ef9ad85037448c9856b2fb8308162a7c8987e
  languageName: node
  linkType: hard

"nice-try@npm:^1.0.4":
  version: 1.0.5
  resolution: "nice-try@npm:1.0.5"
  checksum: 2/330f190bf68146a560008b661e1ddbb2eac667c16990b6bf791516d89cceb707ec67901ad647d2b32674bfa816b916489cead5c2fb6e96864c659573ab5aa3bb
  languageName: node
  linkType: hard

"normalize-url@npm:^4.1.0":
  version: 4.5.0
  resolution: "normalize-url@npm:4.5.0"
  checksum: 2/09794941dbe5c7b91caf6f3cd1ae167c27f6d09793e4a03601a68b62de7e8ee9e5de21a246130cdbab98b01481de292f9556d492444a527648f9cf1220e4b0df
  languageName: node
  linkType: hard

"once@npm:^1.3.0, once@npm:^1.3.1, once@npm:^1.4.0":
  version: 1.4.0
  resolution: "once@npm:1.4.0"
  dependencies:
    wrappy: 1
  checksum: 2/57afc246536cf6494437f982b26475f22bee860f8b77ce8eb1543f42a8bffe04b2c66ddfea9a16cb25ccb80943f8ee4fc639367ef97b7a6a4f2672eb573963f5
  languageName: node
  linkType: hard

"os-tmpdir@npm:~1.0.2":
  version: 1.0.2
  resolution: "os-tmpdir@npm:1.0.2"
  checksum: 2/ca158a3c2e48748adc7736cdbe4c593723f8ed8581d2aae2f2a30fdb9417d4ba14bed1cd487d47561898a7b1ece88bce69745e9ce0303e1dea9ea7d22d1f1082
  languageName: node
  linkType: hard

"p-cancelable@npm:^1.0.0":
  version: 1.1.0
  resolution: "p-cancelable@npm:1.1.0"
  checksum: 2/01fdd9ac319f0e69e22c18d5b9e5f4dca62a0827d72349c73b0c88b07c760849de49201dcbe4fbbcbe61b4bdce8f4f3596cfbbfed664cf411ff1ab9a80664574
  languageName: node
  linkType: hard

"path-is-absolute@npm:^1.0.0":
  version: 1.0.1
  resolution: "path-is-absolute@npm:1.0.1"
  checksum: 2/907e1e3e6ac0aef6e65adffd75b3892191d76a5b94c5cf26b43667c4240531d11872ca6979c209b2e5e1609f7f579d02f64ba9936b48bb59d36cc529f0d965ed
  languageName: node
  linkType: hard

"path-key@npm:^2.0.1":
  version: 2.0.1
  resolution: "path-key@npm:2.0.1"
  checksum: 2/7dc807a2baa11d6bc0fca72148a0a0ca69ab73d98fbe42e10d22764d1ef547767f2b4ff827c6bc66e733388cd8d54297a45a39499825b9fdfd18959202384029
  languageName: node
  linkType: hard

"prepend-http@npm:^2.0.0":
  version: 2.0.0
  resolution: "prepend-http@npm:2.0.0"
  checksum: 2/d39325775adce38e18213fd19656af4abd7672ef6b1e330437079bb237de011d49a70bfb56b35037603d30ef279cceddb33794f70168582d50845c2ade29968e
  languageName: node
  linkType: hard

"pump@npm:^3.0.0":
  version: 3.0.0
  resolution: "pump@npm:3.0.0"
  dependencies:
    end-of-stream: ^1.1.0
    once: ^1.3.1
  checksum: 2/5464d5cf6c6f083cc60cb45b074fb9a4a92ba4d3e0d89e9b2fa1906d8151fd3766784a426725ccf1af50d1c29963ac20b13829933549830e08a6704e3f95e08c
  languageName: node
  linkType: hard

"reflect-metadata@npm:^0.1.12":
  version: 0.1.13
  resolution: "reflect-metadata@npm:0.1.13"
  checksum: 2/629101e6c8b7e0d3166fa51953f908f45b5c73dbaf1375c4f8c3ed62221b870c951343b9b031d0c49957e7262a88020f41be25731ee85b5d779f12c7cec66005
  languageName: node
  linkType: hard

"repeat-string@npm:^1.6.1":
  version: 1.6.1
  resolution: "repeat-string@npm:1.6.1"
  checksum: 2/99c431ba7bef7a5d39819d562ebca89206368b45f73213677a3b562e25b5dd272d9e6a2ca8105001df14b6fc8cc71f0b10258c86e16cf8a256318fac1ddc8a77
  languageName: node
  linkType: hard

"responselike@npm:^1.0.2":
  version: 1.0.2
  resolution: "responselike@npm:1.0.2"
  dependencies:
    lowercase-keys: ^1.0.0
  checksum: 2/c904f1499418d0729e9592079ea653c8fd35d50a7cca1a17d58ef3137382f915cbd344daaa7fe2e2b064a6d9fab4bcdd8b2ab963c523829427b440b775fba8fd
  languageName: node
  linkType: hard

"semver@npm:^5.5.0":
  version: 5.7.1
  resolution: "semver@npm:5.7.1"
  bin:
    semver: ./bin/semver
  checksum: 2/06ff0ed753ebf741b7602be8faad620d6e160a2cb3f61019d00d919c8bca141638aa23c34da779b8595afdc9faa3678bfbb5f60366b6a4f65f98cf86605bbcdb
  languageName: node
  linkType: hard

"shebang-command@npm:^1.2.0":
  version: 1.2.0
  resolution: "shebang-command@npm:1.2.0"
  dependencies:
    shebang-regex: ^1.0.0
  checksum: 2/2a1e0092a6b80b14ec742ef4e982be8aa670edc7de3e8c68b26744fb535051f7d92518106387b52e9aabe0c1ceae33d23a7dfdb94c3d7f5035c3868b723a2854
  languageName: node
  linkType: hard

"shebang-regex@npm:^1.0.0":
  version: 1.0.0
  resolution: "shebang-regex@npm:1.0.0"
  checksum: 2/cf1a41cb09023e7d39739d7145fcba57c3fabc6728b78ce706f7315cf52dfadf30f7eea664e069224fbcbbfb6ab853bc55ac45f494b47ee73fc209c98487fae5
  languageName: node
  linkType: hard

"source-map-support@npm:^0.5.6":
  version: 0.5.16
  resolution: "source-map-support@npm:0.5.16"
  dependencies:
    buffer-from: ^1.0.0
    source-map: ^0.6.0
  checksum: 2/cf44ce8b694a32bc63f686826bc7e254e5025d4c7eeb4f0c76f61c828cd81067f0df88c0414c50db728dc3d207fb032d7c50c3b419286330332ddbdd4d2689d7
  languageName: node
  linkType: hard

"source-map@npm:^0.6.0":
  version: 0.6.1
  resolution: "source-map@npm:0.6.1"
  checksum: 2/8647829a0611724114022be455ca1c8a2c8ae61df81c5b3667d9b398207226a1e21174fb7bbf0b4dbeb27ac358222afb5a14f1c74a62a62b8883b012e5eb1270
  languageName: node
  linkType: hard

"spangle@workspace:.":
  version: 0.0.0-use.local
  resolution: "spangle@workspace:."
  dependencies:
    "@types/got": ^9.6.9
    "@types/node": ^12.11.7
    "@types/typescript": ^2.0.0
    "@types/ws": ^7.2.0
    "@yarnpkg/pnpify": ^2.0.0-rc.9
    got: ^9.6.0
    isomorphic-ws: ^4.0.1
    testyts: ^0.9.0
    typescript: ^3.7.2
    ws: ^7.2.1
  languageName: unknown
  linkType: soft

"testyts@npm:^0.9.0":
  version: 0.9.0
  resolution: "testyts@npm:0.9.0"
  dependencies:
    "@testy/assertion": ^0.1.1
    commander: ^4.0.0-1
    glob: ^7.1.3
    reflect-metadata: ^0.1.12
    ts-node: ^7.0.1
    typescript: ^3.1.6
  bin:
    testyts: build/testy.js
  checksum: 2/4d438e4f8b577e8dec6b1d2646931e202ac5843486c76351e399645da9215df29008fbe89e7f80c9836fea14d771b3039a38ea24bd5a52953d30004f4ba1d186
  languageName: node
  linkType: hard

"tmp@npm:^0.0.33":
  version: 0.0.33
  resolution: "tmp@npm:0.0.33"
  dependencies:
    os-tmpdir: ~1.0.2
  checksum: 2/77666ca424a78fcfcc27a6576f24f01aa1300b10d22e4f1808809e560777672dd2d4a112604ab2ad86ec7cafd24472b9ccc41373c2b5b83797f27e6aff06cbe5
  languageName: node
  linkType: hard

"to-readable-stream@npm:^1.0.0":
  version: 1.0.0
  resolution: "to-readable-stream@npm:1.0.0"
  checksum: 2/aa4b65d3e7a60d7b51204585187bdfd2159788a22ec241451c782552699e8dec39dcb8a9cd4957e03f32191ca18d3ea80abd9bb40005a8f1631df8fbba22b413
  languageName: node
  linkType: hard

"ts-node@npm:^7.0.1":
  version: 7.0.1
  resolution: "ts-node@npm:7.0.1"
  dependencies:
    arrify: ^1.0.0
    buffer-from: ^1.1.0
    diff: ^3.1.0
    make-error: ^1.1.1
    minimist: ^1.2.0
    mkdirp: ^0.5.1
    source-map-support: ^0.5.6
    yn: ^2.0.0
  bin:
    ts-node: dist/bin.js
  checksum: 2/a18a31d2cb16115fbea1afca35931e536f7d4eb894b9b40b0c2ff550da81cc55e89218d8cc23277fb2545201597447e67f093aecded1bc6bebc073a8dcb86ac6
  languageName: node
  linkType: hard

"typescript@*, typescript@^3.1.6, typescript@^3.7.2":
  version: 3.8.3
  resolution: "typescript@npm:3.8.3"
  bin:
    tsc: bin/tsc
    tsserver: bin/tsserver
  checksum: 2/519b11576247fe3570d89a2aa757d8f666aafc0cb9465a6cdd4df09c1dc6bf7285f0c6008d2ac7a55ea26457e767aaab819f58439d80af2cce1d9805b2be1034
  languageName: node
  linkType: hard

"typescript@patch:typescript@*#builtin<compat/typescript>, typescript@patch:typescript@^3.1.6#builtin<compat/typescript>, typescript@patch:typescript@^3.7.2#builtin<compat/typescript>":
  version: 3.8.3
  resolution: "typescript@patch:typescript@npm%3A3.8.3#builtin<compat/typescript>::version=3.8.3&hash=273569"
  bin:
    tsc: bin/tsc
    tsserver: bin/tsserver
  checksum: 2/345573d9ee784f75c4facb98e838d28fe1376648abd627e3bca256237965940f331bf0ed502de6068f0cca9111eac675ca26d901202547068d52d66685e42be2
  languageName: node
  linkType: hard

"url-parse-lax@npm:^3.0.0":
  version: 3.0.0
  resolution: "url-parse-lax@npm:3.0.0"
  dependencies:
    prepend-http: ^2.0.0
  checksum: 2/334817036b300c35023798b8ceac23ea61b51f231a867112e3a85778d65191a3ccb67e7b69b608d45433d55da392cf0d72cd3c85f2542f6ec34733e455c229d5
  languageName: node
  linkType: hard

"which@npm:^1.2.9":
  version: 1.3.1
  resolution: "which@npm:1.3.1"
  dependencies:
    isexe: ^2.0.0
  bin:
    which: ./bin/which
  checksum: 2/298d95f9c185c4da22c1bfb1fdfa37c2ba56df8a6b98706ab361bf31a7d3a4845afaecfc48d4de7a259048842b5f2977f51b56f5c06c1f6a83dcf5a9e3de634a
  languageName: node
  linkType: hard

"wrappy@npm:1":
  version: 1.0.2
  resolution: "wrappy@npm:1.0.2"
  checksum: 2/519fcda0fcdf0c16327be2de9d98646742307bc830277e8868529fcf7566f2b330a6453c233e0cdcb767d5838dd61a90984a02ecc983bcddebea5ad0833bbf98
  languageName: node
  linkType: hard

"ws@npm:^7.2.1":
  version: 7.2.1
  resolution: "ws@npm:7.2.1"
  peerDependencies:
    bufferutil: ^4.0.1
    utf-8-validate: ^5.0.2
  peerDependenciesMeta:
    bufferutil:
      optional: true
    utf-8-validate:
      optional: true
  checksum: 2/097beba4b2722f097b8bcf92b1da6e81838c389b5e7f0246eb622a1949083fc6868aed0f51bc4c520d2d37f983e45134f903ee98b0881b0d7d51e25a1446753d
  languageName: node
  linkType: hard

"yn@npm:^2.0.0":
  version: 2.0.0
  resolution: "yn@npm:2.0.0"
  checksum: 2/62ac4f229e11099ca72a1531a409056bcab027c2be0be2fea2507dd121f24bb65e6b7beddc9244edc0e328c0b41d155baab1040f559825c12afa9ad2a8c17496
  languageName: node
  linkType: hard
