# This file is generated by running "yarn install" inside your project.
# Manual changes might be lost - proceed with caution!

__metadata:
  version: 4

"@sindresorhus/is@npm:^2.0.0":
  version: 2.1.0
  resolution: "@sindresorhus/is@npm:2.1.0"
  checksum: 2/80c1d9b58903d890b23b2049a14650b99f1b9760103970ca08d0d0f088b4f97449d4e260f815855c204214b26e370f01908af749564ac0b77f3e81c5eb88f743
  languageName: node
  linkType: hard

"@szmarczak/http-timer@npm:^4.0.0":
  version: 4.0.5
  resolution: "@szmarczak/http-timer@npm:4.0.5"
  dependencies:
    defer-to-connect: ^2.0.0
  checksum: 2/13d8f71dbd792b620b2cd13d72d086ef031ebefd5263a9db2f34693a32e4d90920fa1d7075cd59bf0c9810b2b1b93ad36d89fc88aba4cd3b8022df7ecc5ffdec
  languageName: node
  linkType: hard

"@testy/assertion@npm:^0.1.1":
  version: 0.1.1
  resolution: "@testy/assertion@npm:0.1.1"
  checksum: 2/e06241a58853ee3af992e59b8ae2a9942cf7079ddae77440b539be2b7da2da7f95b4543f3d289af72ed51d4060822afaba7ff99c6253ecd3691b71b0dd6e0c59
  languageName: node
  linkType: hard

"@types/cacheable-request@npm:^6.0.1":
  version: 6.0.1
  resolution: "@types/cacheable-request@npm:6.0.1"
  dependencies:
    "@types/http-cache-semantics": "*"
    "@types/keyv": "*"
    "@types/node": "*"
    "@types/responselike": "*"
  checksum: 2/3dae802a0808573986c56b92bf16cd031a5b648b6c893d20c7ef6bfda3fc72a2107c7978697d2b27b14febc597162d6959985eeb5befc307a9f9f3c5081d4905
  languageName: node
  linkType: hard

"@types/color-name@npm:^1.1.1":
  version: 1.1.1
  resolution: "@types/color-name@npm:1.1.1"
  checksum: 2/8311db94a9c4ecd247763b81e783ee49d87678b4ce6a7ee502e2bd5cea242b7357804a04855db009f713174bc654cc0c01c7303d40d757e5d710f5ac0368500f
  languageName: node
  linkType: hard

"@types/emscripten@npm:^1.38.0":
  version: 1.39.3
  resolution: "@types/emscripten@npm:1.39.3"
  checksum: 2/dd6453e0de7e5ec31850e021749a2ea6c25af9477d41cc973b1d6ce6cd14da97301d13da7a75e6161064800b0fcfb6c8e4be4b1b730039f724d8decd4e3b8fff
  languageName: node
  linkType: hard

"@types/got@npm:^9.6.9":
  version: 9.6.9
  resolution: "@types/got@npm:9.6.9"
  dependencies:
    "@types/node": "*"
    "@types/tough-cookie": "*"
    form-data: ^2.5.0
  checksum: 2/65af8969b0f4694b7a1a633eaff1d1b5fec56ae540a2a5375c38ecec52bc0f65079b47c0e550a4b96d1503fee01a78d3e130c83412cd349a94f72901c38a06c6
  languageName: node
  linkType: hard

"@types/http-cache-semantics@npm:*":
  version: 4.0.0
  resolution: "@types/http-cache-semantics@npm:4.0.0"
  checksum: 2/e16fae56d4daea4ed678b4d5918b693b44ca12fb5e479b87d242d3a35bf3a014974dcf9ed7aba7e29149fdb6c3719f9987fca51b20ef10aa84b58f86553c2f74
  languageName: node
  linkType: hard

"@types/keyv@npm:*":
  version: 3.1.1
  resolution: "@types/keyv@npm:3.1.1"
  dependencies:
    "@types/node": "*"
  checksum: 2/3aaf557d5b82e733d5a17b7f55af5d6be953363c3a594f006d64265790fe87c301c6e1400c0b6b1cf72add50a0ceddc25afb8231ab8302a2e5b6ebfbfac30e5d
  languageName: node
  linkType: hard

"@types/node@npm:*":
  version: 12.12.8
  resolution: "@types/node@npm:12.12.8"
  checksum: 2/35e7c3784f68f38c4e97d4b184dd999dd1fce7c77d086a4378ecf3eb9e927eb2517dac88e357f7dc88489bd7df994bd05bd63cd3622e06804a0fcf8d293421a1
  languageName: node
  linkType: hard

"@types/node@npm:^13.9.1":
  version: 13.9.1
  resolution: "@types/node@npm:13.9.1"
  checksum: 2/578d73f0128266e9fe1a0ba0017ef37196b9c8e5ecd66f8b99c22ccc7b02591b76454dbd61e420983f5b347103c8f31d8bc4f313f03c47dd6e8e70ce997ff2fc
  languageName: node
  linkType: hard

"@types/responselike@npm:*":
  version: 1.0.0
  resolution: "@types/responselike@npm:1.0.0"
  dependencies:
    "@types/node": "*"
  checksum: 2/e6e6613c800aeda63e2331e753e8d21df1a2c9aa7a4bc71ed792a848e4811fc96e609759089355314a2318c76eff1f161499cd242044838ab1e6f56e463ebb9c
  languageName: node
  linkType: hard

"@types/tough-cookie@npm:*":
  version: 2.3.5
  resolution: "@types/tough-cookie@npm:2.3.5"
  checksum: 2/449b4b8c3944857251d64c0e6ca5eb960155761e7d71f873167adeb8eb4df996a918d55a592c653613b9f8f356d1e601af4ae06e6e991c72397f4d7123797fb2
  languageName: node
  linkType: hard

"@types/typescript@npm:^2.0.0":
  version: 2.0.0
  resolution: "@types/typescript@npm:2.0.0"
  dependencies:
    typescript: "*"
  checksum: 2/9400376e640aa2903537e7a18ca2eefc5d19e46611d9e67ee0268715d147de0eac94250341acaafe48d424ae99319c52381e42383da889e04003a2cc2d8cf39f
  languageName: node
  linkType: hard

"@types/ws@npm:^7.2.2":
  version: 7.2.2
  resolution: "@types/ws@npm:7.2.2"
  dependencies:
    "@types/node": "*"
  checksum: 2/0404eabfb169c224542fa9996816e2d0fc1e9fccc2115b1cb42c2612fcc14873407a2dc669111e0abbba064657890c184558d587dd9ab73f59be5ced4683147d
  languageName: node
  linkType: hard

"@yarnpkg/fslib@npm:^2.0.0-rc.17":
  version: 2.0.0-rc.17
  resolution: "@yarnpkg/fslib@npm:2.0.0-rc.17"
  dependencies:
    "@yarnpkg/libzip": ^2.0.0-rc.10
  checksum: 2/4e90a046f1645bac793c88811beb7da945af63cc9ce48930199714050c601adb52c7dab1dd3cac7d9fb200dbade4bcf15248925b98ccb3ed7546c339b9f66817
  languageName: node
  linkType: hard

"@yarnpkg/libzip@npm:^2.0.0-rc.10":
  version: 2.0.0-rc.10
  resolution: "@yarnpkg/libzip@npm:2.0.0-rc.10"
  dependencies:
    "@types/emscripten": ^1.38.0
  checksum: 2/95ae332b349eee4d53e0f098b7d1e4a399960d6661f33873f26cce47d32daa7e0cca7fbeb5f236aa17a20a1e5fd0d250e585267ec356df7732b6a835d934bd66
  languageName: node
  linkType: hard

"@yarnpkg/pnpify@npm:^2.0.0-rc.19":
  version: 2.0.0-rc.19
  resolution: "@yarnpkg/pnpify@npm:2.0.0-rc.19"
  dependencies:
    "@yarnpkg/fslib": ^2.0.0-rc.17
    chalk: ^3.0.0
    comment-json: ^2.2.0
    cross-spawn: 6.0.5
  peerDependencies:
    eslint: "*"
    typescript: "*"
  peerDependenciesMeta:
    eslint:
      optional: true
    typescript:
      optional: true
  bin:
    pnpify: ./lib/cli.js
  checksum: 2/5218e470931c16e4f891f1c7f0330e819ff81a5146afd992dd7360fd6a2faaf6ed97f93fdf51b9be3c05531f4893fc330bf442c7a086fd92692d2f2dc01ca1b8
  languageName: node
  linkType: hard

"ansi-styles@npm:^4.1.0":
  version: 4.2.1
  resolution: "ansi-styles@npm:4.2.1"
  dependencies:
    "@types/color-name": ^1.1.1
    color-convert: ^2.0.1
  checksum: 2/c8c007d5dab7b4fea064c9ea318114e1f6fc714bb382d061ac09e66bc83c8f3ce12bb6354be01598722c14a5d710af280b7614d269354f80d2535946aefa82f4
  languageName: node
  linkType: hard

"arrify@npm:^1.0.0":
  version: 1.0.1
  resolution: "arrify@npm:1.0.1"
  checksum: 2/f1d3bae819f49f51a09da5f5c5ce282e79ca69bbdb32db1d9f6c62b151ef801b74398d007cfe89686e2c5aeb62576a398b9068e5172b7f4e20157aa3284076d3
  languageName: node
  linkType: hard

"asynckit@npm:^0.4.0":
  version: 0.4.0
  resolution: "asynckit@npm:0.4.0"
  checksum: 2/a024000b9ddd938e2f27b3cb8188f96a5e1fff58185e98b84862fc4e01de279a547874a800340c2b106bb9de9b0fc61c6c683bc6892abf65e6be29a96addafd3
  languageName: node
  linkType: hard

"balanced-match@npm:^1.0.0":
  version: 1.0.0
  resolution: "balanced-match@npm:1.0.0"
  checksum: 2/f515a605fe1b59f476f7477c5e1d53ad55b4f42982fca1d57b6701906f4ad1f1ac90fd6587d92cc1af2edb43eecf979214dd847ee410a6de9db4ebf0dd128d62
  languageName: node
  linkType: hard

"brace-expansion@npm:^1.1.7":
  version: 1.1.11
  resolution: "brace-expansion@npm:1.1.11"
  dependencies:
    balanced-match: ^1.0.0
    concat-map: 0.0.1
  checksum: 2/4c878e25e4858baf801945dfd63eb68feab2e502cf1122f25f3915c0e3bf397af3a93ff6bef0798db41c0d81ef28c08e55daac38058710f749a3b96eee6b8f40
  languageName: node
  linkType: hard

"buffer-from@npm:^1.0.0, buffer-from@npm:^1.1.0":
  version: 1.1.1
  resolution: "buffer-from@npm:1.1.1"
  checksum: 2/540ceb79c4f5bfcadaabbc18324fa84c50dc52905084be7c03596a339cf5a88513bee6831ce9b36ddd046fab09257a7c80686e129d0559a0cfd141da196ad956
  languageName: node
  linkType: hard

"cacheable-lookup@npm:^2.0.0":
  version: 2.0.0
  resolution: "cacheable-lookup@npm:2.0.0"
  dependencies:
    keyv: ^4.0.0
  checksum: 2/9b3223dff46559ff0a0a43de9bbabb0ed0410e473939c06d4769eaef1a07ce123bcdc0676bdf14d9b8d9fefd989a400f4e03dc9abc41e59de3b7bb87bcc7cba3
  languageName: node
  linkType: hard

"cacheable-request@npm:^7.0.1":
  version: 7.0.1
  resolution: "cacheable-request@npm:7.0.1"
  dependencies:
    clone-response: ^1.0.2
    get-stream: ^5.1.0
    http-cache-semantics: ^4.0.0
    keyv: ^4.0.0
    lowercase-keys: ^2.0.0
    normalize-url: ^4.1.0
    responselike: ^2.0.0
  checksum: 2/fe0b6f3b8a145c98fecc00f0f1b13a9886cad9bf4537533c5568cba19db81c8ee09ace9c61967d5a4e72615e174d771b6b8080c3816f0b74fc6f9c69060c3ff0
  languageName: node
  linkType: hard

"chalk@npm:^3.0.0":
  version: 3.0.0
  resolution: "chalk@npm:3.0.0"
  dependencies:
    ansi-styles: ^4.1.0
    supports-color: ^7.1.0
  checksum: 2/4018b0c812880da595d0d7b8159939527b72f58d3370e2fdc1a24d9abd460bab851695d7eca014082f110d5702d1221b05493fec430ccce375de907d50cc48c1
  languageName: node
  linkType: hard

"clone-response@npm:^1.0.2":
  version: 1.0.2
  resolution: "clone-response@npm:1.0.2"
  dependencies:
    mimic-response: ^1.0.0
  checksum: 2/71832f9219f2682b0915bdbc0dd187ba8e63d16b0af5342b44f97b34afe9400a1f528a253dd2f70a8dd8b23bfa4c4e106928fcc520fa5899d769af95e4cce53c
  languageName: node
  linkType: hard

"color-convert@npm:^2.0.1":
  version: 2.0.1
  resolution: "color-convert@npm:2.0.1"
  dependencies:
    color-name: ~1.1.4
  checksum: 2/3d5d8a011a43012ca11b6d739049ecf2055d95582fd16ec44bf1e685eb0baa5cc652002be8a1dc92b429c8d87418287d0528266a7595cb1ad8a7f4f1d3049df2
  languageName: node
  linkType: hard

"color-name@npm:~1.1.4":
  version: 1.1.4
  resolution: "color-name@npm:1.1.4"
  checksum: 2/3e1c9a4dee12eada307436f61614dd11fe300469db2b83f80c8b7a7cd8a1015f0f18dd13403f018927b249003777ff60baba4a03c65f12e6bddc0dfd9642021f
  languageName: node
  linkType: hard

"combined-stream@npm:^1.0.6":
  version: 1.0.8
  resolution: "combined-stream@npm:1.0.8"
  dependencies:
    delayed-stream: ~1.0.0
  checksum: 2/5791ce7944530f0db74a97e77ea28b6fdbf89afcf038e41d6b4195019c4c803cd19ed2905a54959e5b3830d50bd5d6f93c681c6d3aaea8614ad43b48e62e9d65
  languageName: node
  linkType: hard

"commander@npm:^4.0.0-1":
  version: 4.0.1
  resolution: "commander@npm:4.0.1"
  checksum: 2/86a2ebdbc2ae6094cc26427ca936b8c2ad563899bd457bb2d8af06f76e6e60d079a0a14a9be5bd1d9113969fe32afb342e491fc2a0978ff02f0a854932e1e4fd
  languageName: node
  linkType: hard

"comment-json@npm:^2.2.0":
  version: 2.2.0
  resolution: "comment-json@npm:2.2.0"
  dependencies:
    core-util-is: ^1.0.2
    esprima: ^4.0.1
    has-own-prop: ^2.0.0
    repeat-string: ^1.6.1
  checksum: 2/7a925ab8de7b421d6ccdedc5734b4812551abb5ad847de4728594177e0fde3553b76baa0ad35d9e855f3572ec41aeebb75c5064f4a7b8e67567e40eb4e628359
  languageName: node
  linkType: hard

"concat-map@npm:0.0.1":
  version: 0.0.1
  resolution: "concat-map@npm:0.0.1"
  checksum: 2/554e28d9ee5aa6e061795473ee092cb3d3a2cbdb76c35416e0bb6e03f136d7d07676da387b2ed0ec4106cedbb6534080d9abc48ecc4a92b76406cf2d0c3c0c4b
  languageName: node
  linkType: hard

"core-util-is@npm:^1.0.2":
  version: 1.0.2
  resolution: "core-util-is@npm:1.0.2"
  checksum: 2/089015ee3c462dfceba70faa1df83b42a7bb35db26dae6af283247b06fe3216c65fccd9f00eebcaf98300dc31e981d56aae9f90b624f8f6ff1153e235ff88b65
  languageName: node
  linkType: hard

"cross-spawn@npm:6.0.5":
  version: 6.0.5
  resolution: "cross-spawn@npm:6.0.5"
  dependencies:
    nice-try: ^1.0.4
    path-key: ^2.0.1
    semver: ^5.5.0
    shebang-command: ^1.2.0
    which: ^1.2.9
  checksum: 2/05fbbf957d9b81dc05fd799a238f6aacc2e7cc9783fff3f0e00439a97d6f269c90482571cbf1eeea17200fd119161a2d1f88aa49a8110b176e04f2a70825284f
  languageName: node
  linkType: hard

"decompress-response@npm:^5.0.0":
  version: 5.0.0
  resolution: "decompress-response@npm:5.0.0"
  dependencies:
    mimic-response: ^2.0.0
  checksum: 2/c5ba32725f138ecdaee8d477243b8fa51c7cb458fa7b694804d1fd6236251b23dfd140a1458da370e0e31a5caf91ffa851f0a9288546e8d0f230cb0a29886b5c
  languageName: node
  linkType: hard

"defer-to-connect@npm:^2.0.0":
  version: 2.0.0
  resolution: "defer-to-connect@npm:2.0.0"
  checksum: 2/0453938bfce1c866263d0a4732ade8d69b1a39e27e073d3fbae9e0cc1c6a15a422c2fe5f90320465312ace6a01dbed4a2836755ac2a9519555e82d65141eabdc
  languageName: node
  linkType: hard

"delayed-stream@npm:~1.0.0":
  version: 1.0.0
  resolution: "delayed-stream@npm:1.0.0"
  checksum: 2/d9dfb0a7c79fd308fada9db2cf29d1ff22047ceb50dd78f7e3c173567909b438f418259cb76a6d9c9f513e88ef41d3a14154f618741ec8368c3efeff616d0c9f
  languageName: node
  linkType: hard

"diff@npm:^3.1.0":
  version: 3.5.0
  resolution: "diff@npm:3.5.0"
  checksum: 2/b975b73d7e8fa867cc9e68c293c664e14f11391203603e3f4518689c19fe8e391b4d9e4df3df5b3e51adc6cd81bcb414c80c1666e2f6cf66067f60177eec01d1
  languageName: node
  linkType: hard

"duplexer3@npm:^0.1.4":
  version: 0.1.4
  resolution: "duplexer3@npm:0.1.4"
  checksum: 2/2a4ae463aafdb6e3541e556785d971e83e8d2b534b4cfcb114b01ebc6af6dde5a07454835c7207c8eeb5472927db1bac1b507044413164e991906c5da807938b
  languageName: node
  linkType: hard

"end-of-stream@npm:^1.1.0":
  version: 1.4.4
  resolution: "end-of-stream@npm:1.4.4"
  dependencies:
    once: ^1.4.0
  checksum: 2/7da60e458bdb5e16c006a45e85ef3bc1e3791db5ba275b0913258ccddc8899acb9252c4ddbcce87bd1b46e2a3f97315aafb9f0c0330e8aac44defb504a9d3ccd
  languageName: node
  linkType: hard

"esprima@npm:^4.0.1":
  version: 4.0.1
  resolution: "esprima@npm:4.0.1"
  bin:
    esparse: ./bin/esparse.js
    esvalidate: ./bin/esvalidate.js
  checksum: 2/5df45a3d9c95c36800d028ba76d8d4e04e199932b58c2939f462f859fd583e7d39b4a12d3f97986cf272a28a5fe5948ee6e49e36ef63f67b5b48d82a635c5081
  languageName: node
  linkType: hard

"form-data@npm:^2.5.0":
  version: 2.5.1
  resolution: "form-data@npm:2.5.1"
  dependencies:
    asynckit: ^0.4.0
    combined-stream: ^1.0.6
    mime-types: ^2.1.12
  checksum: 2/c46ee9a14a8678b6e0dfafabc96e25237d9f11ced9c51cd371a2b3448f6a3f2fa684b3bbbb35911bae8f5448b3f3c48c73f7f2be791a4ae5aee0eb0ab3cdfec2
  languageName: node
  linkType: hard

"fs.realpath@npm:^1.0.0":
  version: 1.0.0
  resolution: "fs.realpath@npm:1.0.0"
  checksum: 2/698a91b1695e3926185c9e5b0dd57cf687dceb4eb73799af91e6b2ab741735e2962c366c5af6403ffddae2619914193bd339efa706fdc984d0ffc74b7a3603f4
  languageName: node
  linkType: hard

"get-stream@npm:^5.0.0, get-stream@npm:^5.1.0":
  version: 5.1.0
  resolution: "get-stream@npm:5.1.0"
  dependencies:
    pump: ^3.0.0
  checksum: 2/599dad0b6b9e41602c5a383d218e929209774e66bd3345d5ba6b87e305a16e5d4263936cab974804a30cfeebb1d9e6082f0dba4a463fcce0ba75b922b7c9d861
  languageName: node
  linkType: hard

"glob@npm:^7.1.3":
  version: 7.1.6
  resolution: "glob@npm:7.1.6"
  dependencies:
    fs.realpath: ^1.0.0
    inflight: ^1.0.4
    inherits: 2
    minimatch: ^3.0.4
    once: ^1.3.0
    path-is-absolute: ^1.0.0
  checksum: 2/789977b52432865bd63846da5c75a6efc2c56abdc0cb5ffcdb8e91eeb67a58fa5594c1195d18b2b4aff99675b0739ed6bd61024b26562e0cca18c8f993efdc82
  languageName: node
  linkType: hard

"got@npm:^10.6.0":
  version: 10.6.0
  resolution: "got@npm:10.6.0"
  dependencies:
    "@sindresorhus/is": ^2.0.0
    "@szmarczak/http-timer": ^4.0.0
    "@types/cacheable-request": ^6.0.1
    cacheable-lookup: ^2.0.0
    cacheable-request: ^7.0.1
    decompress-response: ^5.0.0
    duplexer3: ^0.1.4
    get-stream: ^5.0.0
    lowercase-keys: ^2.0.0
    mimic-response: ^2.1.0
    p-cancelable: ^2.0.0
    p-event: ^4.0.0
    responselike: ^2.0.0
    to-readable-stream: ^2.0.0
    type-fest: ^0.10.0
  checksum: 2/d13f316711ecf7ce046ab6549b9b580af2212686ec63d280a53fc62e92159c8ec1074c0393ddd890402d9f005e25bd44f26b8acd6bf2375b707d5f0b088b1aa3
  languageName: node
  linkType: hard

"has-flag@npm:^4.0.0":
  version: 4.0.0
  resolution: "has-flag@npm:4.0.0"
  checksum: 2/2e5391139d3d287231ccb58659702392f6e3abeac3296fb4721afaff46493f3d9b99a9329ae015dfe973aa206ed5c75f43e86aec0267dce79aa5c2b6e811b3ad
  languageName: node
  linkType: hard

"has-own-prop@npm:^2.0.0":
  version: 2.0.0
  resolution: "has-own-prop@npm:2.0.0"
  checksum: 2/8513ff905297afb7b65f4e22012a2c8e20ab006067841015bf338cfd23019b6c7cec89b5192b4cb7eaaa2a5370d2474dc9a0bcfdfd71100c45b8d3be9882f45b
  languageName: node
  linkType: hard

"http-cache-semantics@npm:^4.0.0":
  version: 4.0.3
  resolution: "http-cache-semantics@npm:4.0.3"
  checksum: 2/d82dfeb79c6c66e3f50fd37015d15e55eef5856a9e25e859085fb98ecf1e18325ccbcbd33e0e7911528cff462af1a586f1303a11dea53a22ce5b26d5e8abc12a
  languageName: node
  linkType: hard

"inflight@npm:^1.0.4":
  version: 1.0.6
  resolution: "inflight@npm:1.0.6"
  dependencies:
    once: ^1.3.0
    wrappy: 1
  checksum: 2/17c53fc42cbe7f7f471d2bc41b97a0cde4b79a74d5ff59997d3f75210566fa278e17596da526d43de2bd07e222706240ce50e60097e54f2cde2e64cbbb372638
  languageName: node
  linkType: hard

"inherits@npm:2":
  version: 2.0.4
  resolution: "inherits@npm:2.0.4"
  checksum: 2/98426da247ddfc3dcd7d7daedd90c3ca32d5b08deca08949726f12d49232aef94772a07b36cf4ff833e105ae2ef931777f6de4a6dd8245a216b9299ad4a50bea
  languageName: node
  linkType: hard

"isexe@npm:^2.0.0":
  version: 2.0.0
  resolution: "isexe@npm:2.0.0"
  checksum: 2/7b437980bb77881a146fba85cfbdf01edc2b148673e9c2722a1e49661fea73adf524430a80fdbfb8ce9f60d43224e682c657c45030482bd39e0c488fc29b4afe
  languageName: node
  linkType: hard

"isomorphic-ws@npm:^4.0.1":
  version: 4.0.1
  resolution: "isomorphic-ws@npm:4.0.1"
  peerDependencies:
    ws: "*"
  checksum: 2/9012eec8ea4070a5e1cde4d937cc51e0d3136e53029b4d9c53d551b777ec3f99e9b8d31884c50dcefe0c6d50dd3562d9470c2249c6ff72ebb00b27092adec537
  languageName: node
  linkType: hard

"json-buffer@npm:3.0.1":
  version: 3.0.1
  resolution: "json-buffer@npm:3.0.1"
  checksum: 2/78011309cb53c19195702ece9e282c8c58d7facd8d6e286857fd4daf511f0bd93424498898d0b9ecfde6ab8e87a2ab0c0a654fba4b1a4ec81fa51f2c48a5ddba
  languageName: node
  linkType: hard

"keyv@npm:^4.0.0":
  version: 4.0.0
  resolution: "keyv@npm:4.0.0"
  dependencies:
    json-buffer: 3.0.1
  checksum: 2/cd446a9a979601da7a70d96b5df0b912851390c4ebc6bd1663c3b340accae425c7d759d87394331293dd0666b300a25bd065c41b2c3ac923ef7f980faf0c7d31
  languageName: node
  linkType: hard

"lowercase-keys@npm:^2.0.0":
  version: 2.0.0
  resolution: "lowercase-keys@npm:2.0.0"
  checksum: 2/4da67f41865a25360bb05749a66a83c60987c7efa0b8ec443941a19978c21ba916ae9fedca25b96fc652026c4264a437d3fec099d1949716b5483eec42395ec9
  languageName: node
  linkType: hard

"make-error@npm:^1.1.1":
  version: 1.3.5
  resolution: "make-error@npm:1.3.5"
  checksum: 2/530d7ccced6bf36a74e86d72873fd7f7b0bf31175c075de6bf711aa13944dd1350e59df22761e7b5a651897d21ac9caa5908f786f477427553b05fd083c5bd57
  languageName: node
  linkType: hard

"mime-db@npm:1.42.0":
  version: 1.42.0
  resolution: "mime-db@npm:1.42.0"
  checksum: 2/0b750000b0553709fc16547a9142a17807ef93afa2cf57df30159f693b3e69d07ef7039b9eed92cf69fdcceb9264a65e543b5fff8fbe1cff65ed89ec6ffbb781
  languageName: node
  linkType: hard

"mime-types@npm:^2.1.12":
  version: 2.1.25
  resolution: "mime-types@npm:2.1.25"
  dependencies:
    mime-db: 1.42.0
  checksum: 2/71c67c10d08426e59adf2b4c941b15aad44abd315e488a730d9e286d7a6ee2436a587fc6ada99e48d1fe95da6142b148eda8d82f41f7e49d99639d03a2acfba1
  languageName: node
  linkType: hard

"mimic-response@npm:^1.0.0":
  version: 1.0.1
  resolution: "mimic-response@npm:1.0.1"
  checksum: 2/64b43c717ed8710bc920576e96d38d0e504e9eec3114af8e00c9e3d7ae53cd459ee38febb0badc83e3a4e6d21cd571db43e9011f8cf014809989c87a1a9f0ea4
  languageName: node
  linkType: hard

"mimic-response@npm:^2.0.0, mimic-response@npm:^2.1.0":
  version: 2.1.0
  resolution: "mimic-response@npm:2.1.0"
  checksum: 2/9c206f3aebdc8de306550394301de8ce593e7757f3f9be43b5f99728e38ae787d17e6b72b96eb1b7a998d041da0ee465c48d29c927be4ff6ac3319453285d075
  languageName: node
  linkType: hard

"minimatch@npm:^3.0.4":
  version: 3.0.4
  resolution: "minimatch@npm:3.0.4"
  dependencies:
    brace-expansion: ^1.1.7
  checksum: 2/47eab9263962cacd5733e274ecad2d8e54b0f8e124ba35ae69189e296058f634a4967b87a98954f86fa5c830ff177caf827ce0136d28717ed3232951fb4fae62
  languageName: node
  linkType: hard

"minimist@npm:0.0.8":
  version: 0.0.8
  resolution: "minimist@npm:0.0.8"
  checksum: 2/d71c4684bce92f9c0500e103498adb5e45bbda551763132a703306c2dab6f3a1f69eb6448c3ff3ea73fb562285dfd6ee3a354d5c0e5dd52e3d5f3037c82c0935
  languageName: node
  linkType: hard

"minimist@npm:^1.2.0":
  version: 1.2.0
  resolution: "minimist@npm:1.2.0"
  checksum: 2/80a1a219c0243e870be65b9605e2711eb5ce08639ae4ea8d8bbf8997d4eafe8a6b2af856c3e19c33f51faf40025f23c7668c7b916bca6f72e1bc2cf9189526ff
  languageName: node
  linkType: hard

"mkdirp@npm:^0.5.1":
  version: 0.5.1
  resolution: "mkdirp@npm:0.5.1"
  dependencies:
    minimist: 0.0.8
  bin:
    mkdirp: bin/cmd.js
  checksum: 2/8ef65f4f0c7642b2f6e7af417eb9f3f24e8d1e4d612eddc5b1ee3b0ef974ccfaafb38bba6cc9178510c5aae82a6ef9ad85037448c9856b2fb8308162a7c8987e
  languageName: node
  linkType: hard

"nice-try@npm:^1.0.4":
  version: 1.0.5
  resolution: "nice-try@npm:1.0.5"
  checksum: 2/330f190bf68146a560008b661e1ddbb2eac667c16990b6bf791516d89cceb707ec67901ad647d2b32674bfa816b916489cead5c2fb6e96864c659573ab5aa3bb
  languageName: node
  linkType: hard

"normalize-url@npm:^4.1.0":
  version: 4.5.0
  resolution: "normalize-url@npm:4.5.0"
  checksum: 2/09794941dbe5c7b91caf6f3cd1ae167c27f6d09793e4a03601a68b62de7e8ee9e5de21a246130cdbab98b01481de292f9556d492444a527648f9cf1220e4b0df
  languageName: node
  linkType: hard

"once@npm:^1.3.0, once@npm:^1.3.1, once@npm:^1.4.0":
  version: 1.4.0
  resolution: "once@npm:1.4.0"
  dependencies:
    wrappy: 1
  checksum: 2/57afc246536cf6494437f982b26475f22bee860f8b77ce8eb1543f42a8bffe04b2c66ddfea9a16cb25ccb80943f8ee4fc639367ef97b7a6a4f2672eb573963f5
  languageName: node
  linkType: hard

"p-cancelable@npm:^2.0.0":
  version: 2.0.0
  resolution: "p-cancelable@npm:2.0.0"
  checksum: 2/966065f056a116a1ca3b6c7064d4d27a65bc1740c25cc60729faa5deea385bbd0f2317aedabb8e64c0cfc3c6b2dafe7f3ea65c267373d6d9be1602af443b4f12
  languageName: node
  linkType: hard

"p-event@npm:^4.0.0":
  version: 4.1.0
  resolution: "p-event@npm:4.1.0"
  dependencies:
    p-timeout: ^2.0.1
  checksum: 2/234c88a86cc5acb6bf5eb09091f00cc2022b448e981522b7e3f76b6fb141e0f4ca5f62f99df7bbf37cd9bf4d51d565289c5d3ee0d1d40178009fc0267b1fc3c0
  languageName: node
  linkType: hard

"p-finally@npm:^1.0.0":
  version: 1.0.0
  resolution: "p-finally@npm:1.0.0"
  checksum: 2/01f49b2d9c67573b3a1cb253cd9e1ecf5c912b6ba5de8824118bbc8d647bfa6296820b5a536e91ec68a54395d4e1c58de9a381ded3b688074fb446a8fe351931
  languageName: node
  linkType: hard

"p-timeout@npm:^2.0.1":
  version: 2.0.1
  resolution: "p-timeout@npm:2.0.1"
  dependencies:
    p-finally: ^1.0.0
  checksum: 2/651609ddc70834fd048a59893cd1e46fcc24d6b9b09b3bfdc97a90c18ad2babd96fa03335e71494926620f7c48ea33fbd8a8d22895108637145ffdf86c7920f8
  languageName: node
  linkType: hard

"path-is-absolute@npm:^1.0.0":
  version: 1.0.1
  resolution: "path-is-absolute@npm:1.0.1"
  checksum: 2/907e1e3e6ac0aef6e65adffd75b3892191d76a5b94c5cf26b43667c4240531d11872ca6979c209b2e5e1609f7f579d02f64ba9936b48bb59d36cc529f0d965ed
  languageName: node
  linkType: hard

"path-key@npm:^2.0.1":
  version: 2.0.1
  resolution: "path-key@npm:2.0.1"
  checksum: 2/7dc807a2baa11d6bc0fca72148a0a0ca69ab73d98fbe42e10d22764d1ef547767f2b4ff827c6bc66e733388cd8d54297a45a39499825b9fdfd18959202384029
  languageName: node
  linkType: hard

"pump@npm:^3.0.0":
  version: 3.0.0
  resolution: "pump@npm:3.0.0"
  dependencies:
    end-of-stream: ^1.1.0
    once: ^1.3.1
  checksum: 2/5464d5cf6c6f083cc60cb45b074fb9a4a92ba4d3e0d89e9b2fa1906d8151fd3766784a426725ccf1af50d1c29963ac20b13829933549830e08a6704e3f95e08c
  languageName: node
  linkType: hard

"reflect-metadata@npm:^0.1.12":
  version: 0.1.13
  resolution: "reflect-metadata@npm:0.1.13"
  checksum: 2/629101e6c8b7e0d3166fa51953f908f45b5c73dbaf1375c4f8c3ed62221b870c951343b9b031d0c49957e7262a88020f41be25731ee85b5d779f12c7cec66005
  languageName: node
  linkType: hard

"repeat-string@npm:^1.6.1":
  version: 1.6.1
  resolution: "repeat-string@npm:1.6.1"
  checksum: 2/99c431ba7bef7a5d39819d562ebca89206368b45f73213677a3b562e25b5dd272d9e6a2ca8105001df14b6fc8cc71f0b10258c86e16cf8a256318fac1ddc8a77
  languageName: node
  linkType: hard

"responselike@npm:^2.0.0":
  version: 2.0.0
  resolution: "responselike@npm:2.0.0"
  dependencies:
    lowercase-keys: ^2.0.0
  checksum: 2/11d8225dd8bbbd2ab7482c2e54ff2618e346c7d785e66d2ff5da03d6eafa8b33c3a4c6d685324dccf06f36ee2695db9bd2579382548c2a7253d770204694a63d
  languageName: node
  linkType: hard

"semver@npm:^5.5.0":
  version: 5.7.1
  resolution: "semver@npm:5.7.1"
  bin:
    semver: ./bin/semver
  checksum: 2/06ff0ed753ebf741b7602be8faad620d6e160a2cb3f61019d00d919c8bca141638aa23c34da779b8595afdc9faa3678bfbb5f60366b6a4f65f98cf86605bbcdb
  languageName: node
  linkType: hard

"shebang-command@npm:^1.2.0":
  version: 1.2.0
  resolution: "shebang-command@npm:1.2.0"
  dependencies:
    shebang-regex: ^1.0.0
  checksum: 2/2a1e0092a6b80b14ec742ef4e982be8aa670edc7de3e8c68b26744fb535051f7d92518106387b52e9aabe0c1ceae33d23a7dfdb94c3d7f5035c3868b723a2854
  languageName: node
  linkType: hard

"shebang-regex@npm:^1.0.0":
  version: 1.0.0
  resolution: "shebang-regex@npm:1.0.0"
  checksum: 2/cf1a41cb09023e7d39739d7145fcba57c3fabc6728b78ce706f7315cf52dfadf30f7eea664e069224fbcbbfb6ab853bc55ac45f494b47ee73fc209c98487fae5
  languageName: node
  linkType: hard

"source-map-support@npm:^0.5.6":
  version: 0.5.16
  resolution: "source-map-support@npm:0.5.16"
  dependencies:
    buffer-from: ^1.0.0
    source-map: ^0.6.0
  checksum: 2/cf44ce8b694a32bc63f686826bc7e254e5025d4c7eeb4f0c76f61c828cd81067f0df88c0414c50db728dc3d207fb032d7c50c3b419286330332ddbdd4d2689d7
  languageName: node
  linkType: hard

"source-map@npm:^0.6.0":
  version: 0.6.1
  resolution: "source-map@npm:0.6.1"
  checksum: 2/8647829a0611724114022be455ca1c8a2c8ae61df81c5b3667d9b398207226a1e21174fb7bbf0b4dbeb27ac358222afb5a14f1c74a62a62b8883b012e5eb1270
  languageName: node
  linkType: hard

"spangle@workspace:.":
  version: 0.0.0-use.local
  resolution: "spangle@workspace:."
  dependencies:
    "@types/got": ^9.6.9
    "@types/node": ^13.9.1
    "@types/typescript": ^2.0.0
    "@types/ws": ^7.2.2
    "@yarnpkg/pnpify": ^2.0.0-rc.19
    got: ^10.6.0
    isomorphic-ws: ^4.0.1
    testyts: ^0.9.0
    typescript: ^3.8.3
    ws: ^7.2.3
  languageName: unknown
  linkType: soft

"supports-color@npm:^7.1.0":
  version: 7.1.0
  resolution: "supports-color@npm:7.1.0"
  dependencies:
    has-flag: ^4.0.0
  checksum: 2/6130f36b2a71f73014a6ef306bbaa5415d8daa5c0294082762a0505e4fb6800b8a9d037b60ed54f0c69cdfc37860034047d6004481c21f22dd43151b5e9334f0
  languageName: node
  linkType: hard

"testyts@npm:^0.9.0":
  version: 0.9.0
  resolution: "testyts@npm:0.9.0"
  dependencies:
    "@testy/assertion": ^0.1.1
    commander: ^4.0.0-1
    glob: ^7.1.3
    reflect-metadata: ^0.1.12
    ts-node: ^7.0.1
    typescript: ^3.1.6
  bin:
    testyts: build/testy.js
  checksum: 2/4d438e4f8b577e8dec6b1d2646931e202ac5843486c76351e399645da9215df29008fbe89e7f80c9836fea14d771b3039a38ea24bd5a52953d30004f4ba1d186
  languageName: node
  linkType: hard

"to-readable-stream@npm:^2.0.0":
  version: 2.1.0
  resolution: "to-readable-stream@npm:2.1.0"
  checksum: 2/4d8b72f46d86291d1fe45b6174c9362e636b88326707283c3ac667e148a838681df2a5615281d6c7f75ac5cce8ec09bedd4d381c9f3bcd711f3943a6f9ba4680
  languageName: node
  linkType: hard

"ts-node@npm:^7.0.1":
  version: 7.0.1
  resolution: "ts-node@npm:7.0.1"
  dependencies:
    arrify: ^1.0.0
    buffer-from: ^1.1.0
    diff: ^3.1.0
    make-error: ^1.1.1
    minimist: ^1.2.0
    mkdirp: ^0.5.1
    source-map-support: ^0.5.6
    yn: ^2.0.0
  bin:
    ts-node: dist/bin.js
  checksum: 2/a18a31d2cb16115fbea1afca35931e536f7d4eb894b9b40b0c2ff550da81cc55e89218d8cc23277fb2545201597447e67f093aecded1bc6bebc073a8dcb86ac6
  languageName: node
  linkType: hard

"type-fest@npm:^0.10.0":
  version: 0.10.0
  resolution: "type-fest@npm:0.10.0"
  checksum: 2/ffcef68641ad37ffe0135844fe24d82aa6ab5963e6c4854d4a8af5e2f14eb8829b1a344567de24abcd353519c4a75a774d43756ac858306719b3d7a6d466a445
  languageName: node
  linkType: hard

"typescript@*, typescript@^3.1.6, typescript@^3.8.3":
  version: 3.8.3
  resolution: "typescript@npm:3.8.3"
  bin:
    tsc: bin/tsc
    tsserver: bin/tsserver
  checksum: 2/519b11576247fe3570d89a2aa757d8f666aafc0cb9465a6cdd4df09c1dc6bf7285f0c6008d2ac7a55ea26457e767aaab819f58439d80af2cce1d9805b2be1034
  languageName: node
  linkType: hard

"typescript@patch:typescript@*#builtin<compat/typescript>, typescript@patch:typescript@^3.1.6#builtin<compat/typescript>, typescript@patch:typescript@^3.8.3#builtin<compat/typescript>":
  version: 3.8.3
  resolution: "typescript@patch:typescript@npm%3A3.8.3#builtin<compat/typescript>::version=3.8.3&hash=270b6c"
  bin:
    tsc: bin/tsc
    tsserver: bin/tsserver
  checksum: 2/2950b292ac700898647d49ca5f07fa546f6c3d28983ba559c5b4fa360babdc1734493b7f5f72553735eaa401c850989d7bbbd70f739df3c0b7fc83c82e37d8a5
  languageName: node
  linkType: hard

"which@npm:^1.2.9":
  version: 1.3.1
  resolution: "which@npm:1.3.1"
  dependencies:
    isexe: ^2.0.0
  bin:
    which: ./bin/which
  checksum: 2/298d95f9c185c4da22c1bfb1fdfa37c2ba56df8a6b98706ab361bf31a7d3a4845afaecfc48d4de7a259048842b5f2977f51b56f5c06c1f6a83dcf5a9e3de634a
  languageName: node
  linkType: hard

"wrappy@npm:1":
  version: 1.0.2
  resolution: "wrappy@npm:1.0.2"
  checksum: 2/519fcda0fcdf0c16327be2de9d98646742307bc830277e8868529fcf7566f2b330a6453c233e0cdcb767d5838dd61a90984a02ecc983bcddebea5ad0833bbf98
  languageName: node
  linkType: hard

"ws@npm:^7.2.3":
  version: 7.2.3
  resolution: "ws@npm:7.2.3"
  peerDependencies:
    bufferutil: ^4.0.1
    utf-8-validate: ^5.0.2
  peerDependenciesMeta:
    bufferutil:
      optional: true
    utf-8-validate:
      optional: true
  checksum: 2/fedf178c29b5f7c4589c88bd1064dea03ba0d761bfcc0562abf4ddd64421fb1767095e140cb3ef8b57c3315d7e1fa1f3cf872e365a399c69fb3566ecdfbfacee
  languageName: node
  linkType: hard

"yn@npm:^2.0.0":
  version: 2.0.0
  resolution: "yn@npm:2.0.0"
  checksum: 2/62ac4f229e11099ca72a1531a409056bcab027c2be0be2fea2507dd121f24bb65e6b7beddc9244edc0e328c0b41d155baab1040f559825c12afa9ad2a8c17496
  languageName: node
  linkType: hard
